
Microsoft Visual Studio Solution File, Format Version 12.00
# Visual Studio Version 16
VisualStudioVersion = 16.0.31702.278
MinimumVisualStudioVersion = 10.0.40219.1
Project("{FAE04EC0-301F-11D3-BF4B-00C04F79EFBC}") = "GreenWorldGreenHouse", "GreenWorldGreenHouse\GreenWorldGreenHouse.csproj", "{7B6A25DF-31A4-45C9-9F35-99F2978FC58C}"
EndProject
Global
	GlobalSection(SolutionConfigurationPlatforms) = preSolution
		Debug|Any CPU = Debug|Any CPU
		Release|Any CPU = Release|Any CPU
	EndGlobalSection
	GlobalSection(ProjectConfigurationPlatforms) = postSolution
		{7B6A25DF-31A4-45C9-9F35-99F2978FC58C}.Debug|Any CPU.ActiveCfg = Debug|Any CPU
		{7B6A25DF-31A4-45C9-9F35-99F2978FC58C}.Debug|Any CPU.Build.0 = Debug|Any CPU
		{7B6A25DF-31A4-45C9-9F35-99F2978FC58C}.Release|Any CPU.ActiveCfg = Release|Any CPU
		{7B6A25DF-31A4-45C9-9F35-99F2978FC58C}.Release|Any CPU.Build.0 = Release|Any CPU
	EndGlobalSection
	GlobalSection(SolutionProperties) = preSolution
		HideSolutionNode = FALSE
	EndGlobalSection
	GlobalSection(ExtensibilityGlobals) = postSolution
		SolutionGuid = {A9BFFDC5-78A5-4FFC-BE2F-B51C6AF1BE94}
	EndGlobalSection
EndGlobal
