
Microsoft Visual Studio Solution File, Format Version 12.00
# Visual Studio Version 16
VisualStudioVersion = 16.0.31702.278
MinimumVisualStudioVersion = 10.0.40219.1
Project("{9A19103F-16F7-4668-BE54-9A1E7A4F7556}") = "GreenHouse_API", "GreenHouse_API\GreenHouse_API.csproj", "{39495AF1-5674-4791-B6D5-723BCC8F4670}"
EndProject
Project("{9A19103F-16F7-4668-BE54-9A1E7A4F7556}") = "GreenHouseTest", "GreenHouseTest\GreenHouseTest.csproj", "{273EB8E8-DC48-4092-B8DF-AC036CE21BCA}"
EndProject
Project("{9A19103F-16F7-4668-BE54-9A1E7A4F7556}") = "ModelLib", "ModelLib\ModelLib.csproj", "{F836C24E-3515-4301-A145-EBF098255C55}"
EndProject
Project("{FAE04EC0-301F-11D3-BF4B-00C04F79EFBC}") = "UDP_GreenHouse", "UDP_GreenHouse\UDP_GreenHouse.csproj", "{E4EAC7D9-6577-4086-A7C3-DECE490B9629}"
EndProject
Global
	GlobalSection(SolutionConfigurationPlatforms) = preSolution
		Debug|Any CPU = Debug|Any CPU
		Release|Any CPU = Release|Any CPU
	EndGlobalSection
	GlobalSection(ProjectConfigurationPlatforms) = postSolution
		{39495AF1-5674-4791-B6D5-723BCC8F4670}.Debug|Any CPU.ActiveCfg = Debug|Any CPU
		{39495AF1-5674-4791-B6D5-723BCC8F4670}.Debug|Any CPU.Build.0 = Debug|Any CPU
		{39495AF1-5674-4791-B6D5-723BCC8F4670}.Release|Any CPU.ActiveCfg = Release|Any CPU
		{39495AF1-5674-4791-B6D5-723BCC8F4670}.Release|Any CPU.Build.0 = Release|Any CPU
		{273EB8E8-DC48-4092-B8DF-AC036CE21BCA}.Debug|Any CPU.ActiveCfg = Debug|Any CPU
		{273EB8E8-DC48-4092-B8DF-AC036CE21BCA}.Debug|Any CPU.Build.0 = Debug|Any CPU
		{273EB8E8-DC48-4092-B8DF-AC036CE21BCA}.Release|Any CPU.ActiveCfg = Release|Any CPU
		{273EB8E8-DC48-4092-B8DF-AC036CE21BCA}.Release|Any CPU.Build.0 = Release|Any CPU
		{F836C24E-3515-4301-A145-EBF098255C55}.Debug|Any CPU.ActiveCfg = Debug|Any CPU
		{F836C24E-3515-4301-A145-EBF098255C55}.Debug|Any CPU.Build.0 = Debug|Any CPU
		{F836C24E-3515-4301-A145-EBF098255C55}.Release|Any CPU.ActiveCfg = Release|Any CPU
		{F836C24E-3515-4301-A145-EBF098255C55}.Release|Any CPU.Build.0 = Release|Any CPU
		{E4EAC7D9-6577-4086-A7C3-DECE490B9629}.Debug|Any CPU.ActiveCfg = Debug|Any CPU
		{E4EAC7D9-6577-4086-A7C3-DECE490B9629}.Debug|Any CPU.Build.0 = Debug|Any CPU
		{E4EAC7D9-6577-4086-A7C3-DECE490B9629}.Release|Any CPU.ActiveCfg = Release|Any CPU
		{E4EAC7D9-6577-4086-A7C3-DECE490B9629}.Release|Any CPU.Build.0 = Release|Any CPU
	EndGlobalSection
	GlobalSection(SolutionProperties) = preSolution
		HideSolutionNode = FALSE
	EndGlobalSection
	GlobalSection(ExtensibilityGlobals) = postSolution
		SolutionGuid = {A9BFFDC5-78A5-4FFC-BE2F-B51C6AF1BE94}
	EndGlobalSection
EndGlobal
